
Microsoft Visual Studio Solution File, Format Version 12.00
# Visual Studio Version 17
VisualStudioVersion = 17.4.33103.184
MinimumVisualStudioVersion = 10.0.40219.1
Project("{9A19103F-16F7-4668-BE54-9A1E7A4F7556}") = "Identity_server_4", "Identity_server_4\Identity_server_4.csproj", "{FB42A748-DB6D-4A64-80BA-05023D2E6C55}"
EndProject
Project("{FAE04EC0-301F-11D3-BF4B-00C04F79EFBC}") = "DataAccess", "DataAccess\DataAccess.csproj", "{44E42E22-8E23-42F5-90B1-6021EB07475E}"
EndProject
Global
	GlobalSection(SolutionConfigurationPlatforms) = preSolution
		Debug|Any CPU = Debug|Any CPU
		Release|Any CPU = Release|Any CPU
	EndGlobalSection
	GlobalSection(ProjectConfigurationPlatforms) = postSolution
		{FB42A748-DB6D-4A64-80BA-05023D2E6C55}.Debug|Any CPU.ActiveCfg = Debug|Any CPU
		{FB42A748-DB6D-4A64-80BA-05023D2E6C55}.Debug|Any CPU.Build.0 = Debug|Any CPU
		{FB42A748-DB6D-4A64-80BA-05023D2E6C55}.Release|Any CPU.ActiveCfg = Release|Any CPU
		{FB42A748-DB6D-4A64-80BA-05023D2E6C55}.Release|Any CPU.Build.0 = Release|Any CPU
		{44E42E22-8E23-42F5-90B1-6021EB07475E}.Debug|Any CPU.ActiveCfg = Debug|Any CPU
		{44E42E22-8E23-42F5-90B1-6021EB07475E}.Debug|Any CPU.Build.0 = Debug|Any CPU
		{44E42E22-8E23-42F5-90B1-6021EB07475E}.Release|Any CPU.ActiveCfg = Release|Any CPU
		{44E42E22-8E23-42F5-90B1-6021EB07475E}.Release|Any CPU.Build.0 = Release|Any CPU
	EndGlobalSection
	GlobalSection(SolutionProperties) = preSolution
		HideSolutionNode = FALSE
	EndGlobalSection
	GlobalSection(ExtensibilityGlobals) = postSolution
		SolutionGuid = {F8ADC4EC-1FC1-41E9-AECE-92564ADE2E1D}
	EndGlobalSection
EndGlobal
